
Microsoft Visual Studio Solution File, Format Version 12.00
# Visual Studio Version 17
VisualStudioVersion = 17.9.34622.214
MinimumVisualStudioVersion = 10.0.40219.1
Project("{FAE04EC0-301F-11D3-BF4B-00C04F79EFBC}") = "VoiceIndicatorsBackend", "VoiceIndicatorsBackend\VoiceIndicatorsBackend.csproj", "{358EA41F-23C0-418C-B5E5-7BF5ABEEB6B6}"
EndProject
Project("{FAE04EC0-301F-11D3-BF4B-00C04F79EFBC}") = "VoiceIndicatorClient.cs", "VoiceIndicatorClient.cs\VoiceIndicatorClient.cs.csproj", "{9D099C3A-2AAF-4954-BDEA-7A37D582FB7D}"
EndProject
Global
	GlobalSection(SolutionConfigurationPlatforms) = preSolution
		Debug|Any CPU = Debug|Any CPU
		Release|Any CPU = Release|Any CPU
	EndGlobalSection
	GlobalSection(ProjectConfigurationPlatforms) = postSolution
		{358EA41F-23C0-418C-B5E5-7BF5ABEEB6B6}.Debug|Any CPU.ActiveCfg = Debug|Any CPU
		{358EA41F-23C0-418C-B5E5-7BF5ABEEB6B6}.Debug|Any CPU.Build.0 = Debug|Any CPU
		{358EA41F-23C0-418C-B5E5-7BF5ABEEB6B6}.Release|Any CPU.ActiveCfg = Release|Any CPU
		{358EA41F-23C0-418C-B5E5-7BF5ABEEB6B6}.Release|Any CPU.Build.0 = Release|Any CPU
		{9D099C3A-2AAF-4954-BDEA-7A37D582FB7D}.Debug|Any CPU.ActiveCfg = Debug|Any CPU
		{9D099C3A-2AAF-4954-BDEA-7A37D582FB7D}.Debug|Any CPU.Build.0 = Debug|Any CPU
		{9D099C3A-2AAF-4954-BDEA-7A37D582FB7D}.Release|Any CPU.ActiveCfg = Release|Any CPU
		{9D099C3A-2AAF-4954-BDEA-7A37D582FB7D}.Release|Any CPU.Build.0 = Release|Any CPU
	EndGlobalSection
	GlobalSection(SolutionProperties) = preSolution
		HideSolutionNode = FALSE
	EndGlobalSection
	GlobalSection(ExtensibilityGlobals) = postSolution
		SolutionGuid = {A0DBCAD5-5DE5-47D6-9DF3-E33DE9D9B2B4}
	EndGlobalSection
EndGlobal
